
Microsoft Visual Studio Solution File, Format Version 12.00
# Visual Studio 2013
VisualStudioVersion = 12.0.21005.1
MinimumVisualStudioVersion = 10.0.40219.1
Project("{FAE04EC0-301F-11D3-BF4B-00C04F79EFBC}") = "TooDoo", "TooDoo\TooDoo.csproj", "{915E98C3-65EA-40BF-80BB-DF6178EA7CCB}"
EndProject
Project("{FAE04EC0-301F-11D3-BF4B-00C04F79EFBC}") = "TooDoo.Repository", "TooDoo.Repository\TooDoo.Repository.csproj", "{FCEB3399-010B-43D6-9D1D-40F3B250F731}"
EndProject
Project("{FAE04EC0-301F-11D3-BF4B-00C04F79EFBC}") = "TooDoo.Model", "TooDoo.Model\TooDoo.Model.csproj", "{5D828CDF-7E4B-4CD0-872C-8FF130E23346}"
EndProject
Global
	GlobalSection(SolutionConfigurationPlatforms) = preSolution
		Debug|Any CPU = Debug|Any CPU
		Release|Any CPU = Release|Any CPU
	EndGlobalSection
	GlobalSection(ProjectConfigurationPlatforms) = postSolution
		{915E98C3-65EA-40BF-80BB-DF6178EA7CCB}.Debug|Any CPU.ActiveCfg = Debug|Any CPU
		{915E98C3-65EA-40BF-80BB-DF6178EA7CCB}.Debug|Any CPU.Build.0 = Debug|Any CPU
		{915E98C3-65EA-40BF-80BB-DF6178EA7CCB}.Release|Any CPU.ActiveCfg = Release|Any CPU
		{915E98C3-65EA-40BF-80BB-DF6178EA7CCB}.Release|Any CPU.Build.0 = Release|Any CPU
		{FCEB3399-010B-43D6-9D1D-40F3B250F731}.Debug|Any CPU.ActiveCfg = Debug|Any CPU
		{FCEB3399-010B-43D6-9D1D-40F3B250F731}.Debug|Any CPU.Build.0 = Debug|Any CPU
		{FCEB3399-010B-43D6-9D1D-40F3B250F731}.Release|Any CPU.ActiveCfg = Release|Any CPU
		{FCEB3399-010B-43D6-9D1D-40F3B250F731}.Release|Any CPU.Build.0 = Release|Any CPU
		{5D828CDF-7E4B-4CD0-872C-8FF130E23346}.Debug|Any CPU.ActiveCfg = Debug|Any CPU
		{5D828CDF-7E4B-4CD0-872C-8FF130E23346}.Debug|Any CPU.Build.0 = Debug|Any CPU
		{5D828CDF-7E4B-4CD0-872C-8FF130E23346}.Release|Any CPU.ActiveCfg = Release|Any CPU
		{5D828CDF-7E4B-4CD0-872C-8FF130E23346}.Release|Any CPU.Build.0 = Release|Any CPU
	EndGlobalSection
	GlobalSection(SolutionProperties) = preSolution
		HideSolutionNode = FALSE
	EndGlobalSection
EndGlobal
